
Microsoft Visual Studio Solution File, Format Version 12.00
# Visual Studio 2017
Project("{FAE04EC0-301F-11D3-BF4B-00C04F79EFBC}") = "smatch-1", "smatch-1.csproj", "{5436A54F-CFDC-AB2D-4325-F4D3F204A95C}"
EndProject
Project("{FAE04EC0-301F-11D3-BF4B-00C04F79EFBC}") = "smatch-1.Editor", "smatch-1.Editor.csproj", "{BB23D1A8-AC23-AA45-7DEE-4C3532F2E703}"
EndProject
Global
	GlobalSection(SolutionConfigurationPlatforms) = preSolution
		Debug|Any CPU = Debug|Any CPU
		Release|Any CPU = Release|Any CPU
	EndGlobalSection
	GlobalSection(ProjectConfigurationPlatforms) = postSolution
		{5436A54F-CFDC-AB2D-4325-F4D3F204A95C}.Debug|Any CPU.ActiveCfg = Debug|Any CPU
		{5436A54F-CFDC-AB2D-4325-F4D3F204A95C}.Debug|Any CPU.Build.0 = Debug|Any CPU
		{5436A54F-CFDC-AB2D-4325-F4D3F204A95C}.Release|Any CPU.ActiveCfg = Release|Any CPU
		{5436A54F-CFDC-AB2D-4325-F4D3F204A95C}.Release|Any CPU.Build.0 = Release|Any CPU
		{BB23D1A8-AC23-AA45-7DEE-4C3532F2E703}.Debug|Any CPU.ActiveCfg = Debug|Any CPU
		{BB23D1A8-AC23-AA45-7DEE-4C3532F2E703}.Debug|Any CPU.Build.0 = Debug|Any CPU
		{BB23D1A8-AC23-AA45-7DEE-4C3532F2E703}.Release|Any CPU.ActiveCfg = Release|Any CPU
		{BB23D1A8-AC23-AA45-7DEE-4C3532F2E703}.Release|Any CPU.Build.0 = Release|Any CPU
	EndGlobalSection
	GlobalSection(SolutionProperties) = preSolution
		HideSolutionNode = FALSE
	EndGlobalSection
EndGlobal
